PODS:
  - Alamofire (4.0.1)
  - XLPagerTabStrip (5.0.0)

DEPENDENCIES:
  - Alamofire (~> 4.0)
  - XLPagerTabStrip (~> 5.0)

SPEC CHECKSUMS:
  Alamofire: 7682d43245de14874acd142ec137b144aa1dd335
  XLPagerTabStrip: 87b8b705f9a7178e76a063ffaa2d70045944a965

PODFILE CHECKSUM: 365f5c5e96e1f1554824a6a1ed041307b3274ab2

COCOAPODS: 1.0.1
